<?xml version="1.0" encoding="utf-8"?>
<Project ToolsVersion="4.0" xmlns="http://schemas.microsoft.com/developer/msbuild/2003">
  <ItemGroup>
    <Filter Include="Source Files">
      <UniqueIdentifier>{4FC737F1-C7A5-4376-A066-2A32D752A2FF}</UniqueIdentifier>
      <Extensions>cpp;c;cc;cxx;def;odl;idl;hpj;bat;asm;asmx</Extensions>
    </Filter>
    <Filter Include="generated">
      <UniqueIdentifier>{ef397b7b-1192-4d44-93ed-fadaec7622e8}</UniqueIdentifier>
    </Filter>
    <Filter Include="cppbase">
      <UniqueIdentifier>{d562eeda-b81d-4bd4-a06e-13ddfa6f7341}</UniqueIdentifier>
    </Filter>
  </ItemGroup>
  <ItemGroup>
    <ClCompile Include="main.cpp">
      <Filter>Source Files</Filter>
    </ClCompile>
    <ClCompile Include="..\..\generated\RustLexer.cpp">
      <Filter>generated</Filter>
    </ClCompile>
    <ClCompile Include="..\..\generated\RustParser.cpp">
      <Filter>generated</Filter>
    </ClCompile>
    <ClCompile Include="..\..\generated\RustParserBaseListener.cpp">
      <Filter>generated</Filter>
    </ClCompile>
    <ClCompile Include="..\..\generated\RustParserBaseVisitor.cpp">
      <Filter>generated</Filter>
    </ClCompile>
    <ClCompile Include="..\..\generated\RustParserListener.cpp">
      <Filter>generated</Filter>
    </ClCompile>
    <ClCompile Include="..\..\generated\RustParserVisitor.cpp">
      <Filter>generated</Filter>
    </ClCompile>
  </ItemGroup>
  <ItemGroup>
    <ClInclude Include="..\..\generated\RustLexer.h">
      <Filter>generated</Filter>
    </ClInclude>
    <ClInclude Include="..\..\generated\RustParser.h">
      <Filter>generated</Filter>
    </ClInclude>
    <ClInclude Include="..\..\generated\RustParserBaseListener.h">
      <Filter>generated</Filter>
    </ClInclude>
    <ClInclude Include="..\..\generated\RustParserBaseVisitor.h">
      <Filter>generated</Filter>
    </ClInclude>
    <ClInclude Include="..\..\generated\RustParserListener.h">
      <Filter>generated</Filter>
    </ClInclude>
    <ClInclude Include="..\..\generated\RustParserVisitor.h">
      <Filter>generated</Filter>
    </ClInclude>
    <ClInclude Include="..\..\CppBase\RustLexerBase.h">
      <Filter>cppbase</Filter>
    </ClInclude>
    <ClInclude Include="..\..\CppBase\RustParserBase.h">
      <Filter>cppbase</Filter>
    </ClInclude>
  </ItemGroup>
</Project>